
Microsoft Visual Studio Solution File, Format Version 12.00
# Visual Studio Version 17
VisualStudioVersion = 17.0.31903.59
MinimumVisualStudioVersion = 10.0.40219.1
Project("{2150E333-8FDC-42A3-9474-1A3956D46DE8}") = "dotnet", "dotnet", "{FA2A5B24-7443-A102-B81F-8DED75D2D1A4}"
EndProject
Project("{FAE04EC0-301F-11D3-BF4B-00C04F79EFBC}") = "KubernetesAiAgent.AppHost", "dotnet\KubernetesAiAgent.AppHost\KubernetesAiAgent.AppHost.csproj", "{B936D624-F9C8-4782-AEAB-094774F7C91E}"
EndProject
Project("{FAE04EC0-301F-11D3-BF4B-00C04F79EFBC}") = "KubernetesAiAgent.ServiceDefaults", "dotnet\KubernetesAiAgent.ServiceDefaults\KubernetesAiAgent.ServiceDefaults.csproj", "{DD010B8C-0EC1-4318-B9EA-B5F78367E6ED}"
EndProject
Project("{FAE04EC0-301F-11D3-BF4B-00C04F79EFBC}") = "KubernetesAiAgent.NetAgent", "dotnet\KubernetesAiAgent.NetAgent\KubernetesAiAgent.NetAgent.csproj", "{20B4D85B-B163-4E4C-B70D-B3A56BCBC3A2}"
EndProject
Project("{2150E333-8FDC-42A3-9474-1A3956D46DE8}") = "tests", "tests", "{0AB3BF05-4346-4AA6-1389-037BE0695223}"
EndProject
Project("{2150E333-8FDC-42A3-9474-1A3956D46DE8}") = "dotnet", "dotnet", "{35C501C9-8590-3B46-F622-E1ABED50CEA9}"
EndProject
Project("{FAE04EC0-301F-11D3-BF4B-00C04F79EFBC}") = "KubernetesAiAgent.Tests", "tests\dotnet\KubernetesAiAgent.Tests\KubernetesAiAgent.Tests.csproj", "{45E5C81D-FA4F-4488-B610-5F0A67B5866A}"
EndProject
Global
	GlobalSection(SolutionConfigurationPlatforms) = preSolution
		Debug|Any CPU = Debug|Any CPU
		Debug|x64 = Debug|x64
		Debug|x86 = Debug|x86
		Release|Any CPU = Release|Any CPU
		Release|x64 = Release|x64
		Release|x86 = Release|x86
	EndGlobalSection
	GlobalSection(ProjectConfigurationPlatforms) = postSolution
		{B936D624-F9C8-4782-AEAB-094774F7C91E}.Debug|Any CPU.ActiveCfg = Debug|Any CPU
		{B936D624-F9C8-4782-AEAB-094774F7C91E}.Debug|Any CPU.Build.0 = Debug|Any CPU
		{B936D624-F9C8-4782-AEAB-094774F7C91E}.Debug|x64.ActiveCfg = Debug|Any CPU
		{B936D624-F9C8-4782-AEAB-094774F7C91E}.Debug|x64.Build.0 = Debug|Any CPU
		{B936D624-F9C8-4782-AEAB-094774F7C91E}.Debug|x86.ActiveCfg = Debug|Any CPU
		{B936D624-F9C8-4782-AEAB-094774F7C91E}.Debug|x86.Build.0 = Debug|Any CPU
		{B936D624-F9C8-4782-AEAB-094774F7C91E}.Release|Any CPU.ActiveCfg = Release|Any CPU
		{B936D624-F9C8-4782-AEAB-094774F7C91E}.Release|Any CPU.Build.0 = Release|Any CPU
		{B936D624-F9C8-4782-AEAB-094774F7C91E}.Release|x64.ActiveCfg = Release|Any CPU
		{B936D624-F9C8-4782-AEAB-094774F7C91E}.Release|x64.Build.0 = Release|Any CPU
		{B936D624-F9C8-4782-AEAB-094774F7C91E}.Release|x86.ActiveCfg = Release|Any CPU
		{B936D624-F9C8-4782-AEAB-094774F7C91E}.Release|x86.Build.0 = Release|Any CPU
		{DD010B8C-0EC1-4318-B9EA-B5F78367E6ED}.Debug|Any CPU.ActiveCfg = Debug|Any CPU
		{DD010B8C-0EC1-4318-B9EA-B5F78367E6ED}.Debug|Any CPU.Build.0 = Debug|Any CPU
		{DD010B8C-0EC1-4318-B9EA-B5F78367E6ED}.Debug|x64.ActiveCfg = Debug|Any CPU
		{DD010B8C-0EC1-4318-B9EA-B5F78367E6ED}.Debug|x64.Build.0 = Debug|Any CPU
		{DD010B8C-0EC1-4318-B9EA-B5F78367E6ED}.Debug|x86.ActiveCfg = Debug|Any CPU
		{DD010B8C-0EC1-4318-B9EA-B5F78367E6ED}.Debug|x86.Build.0 = Debug|Any CPU
		{DD010B8C-0EC1-4318-B9EA-B5F78367E6ED}.Release|Any CPU.ActiveCfg = Release|Any CPU
		{DD010B8C-0EC1-4318-B9EA-B5F78367E6ED}.Release|Any CPU.Build.0 = Release|Any CPU
		{DD010B8C-0EC1-4318-B9EA-B5F78367E6ED}.Release|x64.ActiveCfg = Release|Any CPU
		{DD010B8C-0EC1-4318-B9EA-B5F78367E6ED}.Release|x64.Build.0 = Release|Any CPU
		{DD010B8C-0EC1-4318-B9EA-B5F78367E6ED}.Release|x86.ActiveCfg = Release|Any CPU
		{DD010B8C-0EC1-4318-B9EA-B5F78367E6ED}.Release|x86.Build.0 = Release|Any CPU
		{20B4D85B-B163-4E4C-B70D-B3A56BCBC3A2}.Debug|Any CPU.ActiveCfg = Debug|Any CPU
		{20B4D85B-B163-4E4C-B70D-B3A56BCBC3A2}.Debug|Any CPU.Build.0 = Debug|Any CPU
		{20B4D85B-B163-4E4C-B70D-B3A56BCBC3A2}.Debug|x64.ActiveCfg = Debug|Any CPU
		{20B4D85B-B163-4E4C-B70D-B3A56BCBC3A2}.Debug|x64.Build.0 = Debug|Any CPU
		{20B4D85B-B163-4E4C-B70D-B3A56BCBC3A2}.Debug|x86.ActiveCfg = Debug|Any CPU
		{20B4D85B-B163-4E4C-B70D-B3A56BCBC3A2}.Debug|x86.Build.0 = Debug|Any CPU
		{20B4D85B-B163-4E4C-B70D-B3A56BCBC3A2}.Release|Any CPU.ActiveCfg = Release|Any CPU
		{20B4D85B-B163-4E4C-B70D-B3A56BCBC3A2}.Release|Any CPU.Build.0 = Release|Any CPU
		{20B4D85B-B163-4E4C-B70D-B3A56BCBC3A2}.Release|x64.ActiveCfg = Release|Any CPU
		{20B4D85B-B163-4E4C-B70D-B3A56BCBC3A2}.Release|x64.Build.0 = Release|Any CPU
		{20B4D85B-B163-4E4C-B70D-B3A56BCBC3A2}.Release|x86.ActiveCfg = Release|Any CPU
		{20B4D85B-B163-4E4C-B70D-B3A56BCBC3A2}.Release|x86.Build.0 = Release|Any CPU
		{45E5C81D-FA4F-4488-B610-5F0A67B5866A}.Debug|Any CPU.ActiveCfg = Debug|Any CPU
		{45E5C81D-FA4F-4488-B610-5F0A67B5866A}.Debug|Any CPU.Build.0 = Debug|Any CPU
		{45E5C81D-FA4F-4488-B610-5F0A67B5866A}.Debug|x64.ActiveCfg = Debug|Any CPU
		{45E5C81D-FA4F-4488-B610-5F0A67B5866A}.Debug|x64.Build.0 = Debug|Any CPU
		{45E5C81D-FA4F-4488-B610-5F0A67B5866A}.Debug|x86.ActiveCfg = Debug|Any CPU
		{45E5C81D-FA4F-4488-B610-5F0A67B5866A}.Debug|x86.Build.0 = Debug|Any CPU
		{45E5C81D-FA4F-4488-B610-5F0A67B5866A}.Release|Any CPU.ActiveCfg = Release|Any CPU
		{45E5C81D-FA4F-4488-B610-5F0A67B5866A}.Release|Any CPU.Build.0 = Release|Any CPU
		{45E5C81D-FA4F-4488-B610-5F0A67B5866A}.Release|x64.ActiveCfg = Release|Any CPU
		{45E5C81D-FA4F-4488-B610-5F0A67B5866A}.Release|x64.Build.0 = Release|Any CPU
		{45E5C81D-FA4F-4488-B610-5F0A67B5866A}.Release|x86.ActiveCfg = Release|Any CPU
		{45E5C81D-FA4F-4488-B610-5F0A67B5866A}.Release|x86.Build.0 = Release|Any CPU
	EndGlobalSection
	GlobalSection(SolutionProperties) = preSolution
		HideSolutionNode = FALSE
	EndGlobalSection
	GlobalSection(NestedProjects) = preSolution
		{B936D624-F9C8-4782-AEAB-094774F7C91E} = {FA2A5B24-7443-A102-B81F-8DED75D2D1A4}
		{DD010B8C-0EC1-4318-B9EA-B5F78367E6ED} = {FA2A5B24-7443-A102-B81F-8DED75D2D1A4}
		{20B4D85B-B163-4E4C-B70D-B3A56BCBC3A2} = {FA2A5B24-7443-A102-B81F-8DED75D2D1A4}
		{35C501C9-8590-3B46-F622-E1ABED50CEA9} = {0AB3BF05-4346-4AA6-1389-037BE0695223}
		{45E5C81D-FA4F-4488-B610-5F0A67B5866A} = {35C501C9-8590-3B46-F622-E1ABED50CEA9}
	EndGlobalSection
EndGlobal
